
Microsoft Visual Studio Solution File, Format Version 12.00
# Visual Studio 2013
VisualStudioVersion = 12.0.31101.0
MinimumVisualStudioVersion = 10.0.40219.1
Project("{FAE04EC0-301F-11D3-BF4B-00C04F79EFBC}") = "TNT", "TNT\TNT.csproj", "{D86E1702-7EEA-4D54-BAEE-9C653077619D}"
EndProject
Global
	GlobalSection(SolutionConfigurationPlatforms) = preSolution
		Debug|Any CPU = Debug|Any CPU
		Release|Any CPU = Release|Any CPU
	EndGlobalSection
	GlobalSection(ProjectConfigurationPlatforms) = postSolution
		{D86E1702-7EEA-4D54-BAEE-9C653077619D}.Debug|Any CPU.ActiveCfg = Debug|Any CPU
		{D86E1702-7EEA-4D54-BAEE-9C653077619D}.Debug|Any CPU.Build.0 = Debug|Any CPU
		{D86E1702-7EEA-4D54-BAEE-9C653077619D}.Release|Any CPU.ActiveCfg = Release|Any CPU
		{D86E1702-7EEA-4D54-BAEE-9C653077619D}.Release|Any CPU.Build.0 = Release|Any CPU
	EndGlobalSection
	GlobalSection(SolutionProperties) = preSolution
		HideSolutionNode = FALSE
	EndGlobalSection
EndGlobal
